
Microsoft Visual Studio Solution File, Format Version 12.00
# Visual Studio Version 17
VisualStudioVersion = 17.5.33424.131
MinimumVisualStudioVersion = 10.0.40219.1
Project("{FAE04EC0-301F-11D3-BF4B-00C04F79EFBC}") = "GameSellApp", "GameSellApp\GameSellApp.csproj", "{243CC42F-2574-467D-82BF-77F17F99C38F}"
EndProject
Global
	GlobalSection(SolutionConfigurationPlatforms) = preSolution
		Debug|Any CPU = Debug|Any CPU
		Release|Any CPU = Release|Any CPU
	EndGlobalSection
	GlobalSection(ProjectConfigurationPlatforms) = postSolution
		{243CC42F-2574-467D-82BF-77F17F99C38F}.Debug|Any CPU.ActiveCfg = Debug|Any CPU
		{243CC42F-2574-467D-82BF-77F17F99C38F}.Debug|Any CPU.Build.0 = Debug|Any CPU
		{243CC42F-2574-467D-82BF-77F17F99C38F}.Release|Any CPU.ActiveCfg = Release|Any CPU
		{243CC42F-2574-467D-82BF-77F17F99C38F}.Release|Any CPU.Build.0 = Release|Any CPU
	EndGlobalSection
	GlobalSection(SolutionProperties) = preSolution
		HideSolutionNode = FALSE
	EndGlobalSection
	GlobalSection(ExtensibilityGlobals) = postSolution
		SolutionGuid = {81D11294-F0CF-41F8-AEEA-D2D55F676375}
	EndGlobalSection
EndGlobal
